PODS:
  - GPUImage (0.1.7)
  - IRCameraViewController (1.0.0)

DEPENDENCIES:
  - GPUImage (from `https://github.com/BradLarson/GPUImage.git`, branch `master`)
  - IRCameraViewController

SPEC REPOS:
  trunk:
    - IRCameraViewController

EXTERNAL SOURCES:
  GPUImage:
    :branch: master
    :git: https://github.com/BradLarson/GPUImage.git

CHECKOUT OPTIONS:
  GPUImage:
    :commit: 167b0389bc6e9dc4bb0121550f91d8d5d6412c53
    :git: https://github.com/BradLarson/GPUImage.git

SPEC CHECKSUMS:
  GPUImage: bd7e201b9aa91e85f401ed7a6d9867a07a404693
  IRCameraViewController: b82e98591047eb0b70040a9c0a4a39c5b576f7d2

PODFILE CHECKSUM: ba83cb12c9dd78d196ae4a94909c6292a5143964

COCOAPODS: 1.8.0.beta.2
